// !$*UTF8*$!
{
	archiveVersion = 1;
	classes = {
	};
	objectVersion = 46;
	objects = {

/* Begin PBXBuildFile section */
		12D1A4691F29C82C00E3B603 /* AppDelegate.swift in Sources */ = {isa = PBXBuildFile; fileRef = 12D1A4681F29C82C00E3B603 /* AppDelegate.swift */; };
		12D1A46B1F29C82C00E3B603 /* ViewController.swift in Sources */ = {isa = PBXBuildFile; fileRef = 12D1A46A1F29C82C00E3B603 /* ViewController.swift */; };
		12D1A46E1F29C82C00E3B603 /* Main.storyboard in Resources */ = {isa = PBXBuildFile; fileRef = 12D1A46C1F29C82C00E3B603 /* Main.storyboard */; };
		12D1A4701F29C82C00E3B603 /* Assets.xcassets in Resources */ = {isa = PBXBuildFile; fileRef = 12D1A46F1F29C82C00E3B603 /* Assets.xcassets */; };
		12D1A4731F29C82C00E3B603 /* LaunchScreen.storyboard in Resources */ = {isa = PBXBuildFile; fileRef = 12D1A4711F29C82C00E3B603 /* LaunchScreen.storyboard */; };
/* End PBXBuildFile section */

/* Begin PBXFileReference section */
		12D1A4651F29C82C00E3B603 /* UPDownGame.app */ = {isa = PBXFileReference; explicitFileType = wrapper.application; includeInIndex = 0; path = UPDownGame.app; sourceTree = BUILT_PRODUCTS_DIR; };
		12D1A4681F29C82C00E3B603 /* AppDelegate.swift */ = {isa = PBXFileReference; lastKnownFileType = sourcecode.swift; path = AppDelegate.swift; sourceTree = "<group>"; };
		12D1A46A1F29C82C00E3B603 /* ViewController.swift */ = {isa = PBXFileReference; lastKnownFileType = sourcecode.swift; path = ViewController.swift; sourceTree = "<group>"; };
		12D1A46D1F29C82C00E3B603 /* Base */ = {isa = PBXFileReference; lastKnownFileType = file.storyboard; name = Base; path = Base.lproj/Main.storyboard; sourceTree = "<group>"; };
		12D1A46F1F29C82C00E3B603 /* Assets.xcassets */ = {isa = PBXFileReference; lastKnownFileType = folder.assetcatalog; path = Assets.xcassets; sourceTree = "<group>"; };
		12D1A4721F29C82C00E3B603 /* Base */ = {isa = PBXFileReference; lastKnownFileType = file.storyboard; name = Base; path = Base.lproj/LaunchScreen.storyboard; sourceTree = "<group>"; };
		12D1A4741F29C82C00E3B603 /* Info.plist */ = {isa = PBXFileReference; lastKnownFileType = text.plist.xml; path = Info.plist; sourceTree = "<group>"; };
/* End PBXFileReference section */

/* Begin PBXFrameworksBuildPhase section */
		12D1A4621F29C82C00E3B603 /* Frameworks */ = {
			isa = PBXFrameworksBuildPhase;
			buildActionMask = 2147483647;
			files = (
			);
			runOnlyForDeploymentPostprocessing = 0;
		};
/* End PBXFrameworksBuildPhase section */

/* Begin PBXGroup section */
		12D1A45C1F29C82C00E3B603 = {
			isa = PBXGroup;
			children = (
				12D1A4671F29C82C00E3B603 /* UPDownGame */,
				12D1A4661F29C82C00E3B603 /* Products */,
			);
			sourceTree = "<group>";
		};
		12D1A4661F29C82C00E3B603 /* Products */ = {
			isa = PBXGroup;
			children = (
				12D1A4651F29C82C00E3B603 /* UPDownGame.app */,
			);
			name = Products;
			sourceTree = "<group>";
		};
		12D1A4671F29C82C00E3B603 /* UPDownGame */ = {
			isa = PBXGroup;
			children = (
				12D1A4681F29C82C00E3B603 /* AppDelegate.swift */,
				12D1A46A1F29C82C00E3B603 /* ViewController.swift */,
				12D1A46C1F29C82C00E3B603 /* Main.storyboard */,
				12D1A46F1F29C82C00E3B603 /* Assets.xcassets */,
				12D1A4711F29C82C00E3B603 /* LaunchScreen.storyboard */,
				12D1A4741F29C82C00E3B603 /* Info.plist */,
			);
			path = UPDownGame;
			sourceTree = "<group>";
		};
/* End PBXGroup section */

/* Begin PBXNativeTarget section */
		12D1A4641F29C82C00E3B603 /* UPDownGame */ = {
			isa = PBXNativeTarget;
			buildConfigurationList = 12D1A4771F29C82C00E3B603 /* Build configuration list for PBXNativeTarget "UPDownGame" */;
			buildPhases = (
				12D1A4611F29C82C00E3B603 /* Sources */,
				12D1A4621F29C82C00E3B603 /* Frameworks */,
				12D1A4631F29C82C00E3B603 /* Resources */,
			);
			buildRules = (
			);
			dependencies = (
			);
			name = UPDownGame;
			productName = UPDownGame;
			productReference = 12D1A4651F29C82C00E3B603 /* UPDownGame.app */;
			productType = "com.apple.product-type.application";
		};
/* End PBXNativeTarget section */

/* Begin PBXProject section */
		12D1A45D1F29C82C00E3B603 /* Project object */ = {
			isa = PBXProject;
			attributes = {
				LastSwiftUpdateCheck = 0830;
				LastUpgradeCheck = 0830;
				ORGANIZATIONNAME = Gameplay;
				TargetAttributes = {
					12D1A4641F29C82C00E3B603 = {
						CreatedOnToolsVersion = 8.3.3;
						ProvisioningStyle = Automatic;
					};
				};
			};
			buildConfigurationList = 12D1A4601F29C82C00E3B603 /* Build configuration list for PBXProject "UPDownGame" */;
			compatibilityVersion = "Xcode 3.2";
			developmentRegion = English;
			hasScannedForEncodings = 0;
			knownRegions = (
				en,
				Base,
			);
			mainGroup = 12D1A45C1F29C82C00E3B603;
			productRefGroup = 12D1A4661F29C82C00E3B603 /* Products */;
			projectDirPath = "";
			projectRoot = "";
			targets = (
				12D1A4641F29C82C00E3B603 /* UPDownGame */,
			);
		};
/* End PBXProject section */

/* Begin PBXResourcesBuildPhase section */
		12D1A4631F29C82C00E3B603 /* Resources */ = {
			isa = PBXResourcesBuildPhase;
			buildActionMask = 2147483647;
			files = (
				12D1A4731F29C82C00E3B603 /* LaunchScreen.storyboard in Resources */,
				12D1A4701F29C82C00E3B603 /* Assets.xcassets in Resources */,
				12D1A46E1F29C82C00E3B603 /* Main.storyboard in Resources */,
			);
			runOnlyForDeploymentPostprocessing = 0;
		};
/* End PBXResourcesBuildPhase section */

/* Begin PBXSourcesBuildPhase section */
		12D1A4611F29C82C00E3B603 /* Sources */ = {
			isa = PBXSourcesBuildPhase;
			buildActionMask = 2147483647;
			files = (
				12D1A46B1F29C82C00E3B603 /* ViewController.swift in Sources */,
				12D1A4691F29C82C00E3B603 /* AppDelegate.swift in Sources */,
			);
			runOnlyForDeploymentPostprocessing = 0;
		};
/* End PBXSourcesBuildPhase section */

/* Begin PBXVariantGroup section */
		12D1A46C1F29C82C00E3B603 /* Main.storyboard */ = {
			isa = PBXVariantGroup;
			children = (
				12D1A46D1F29C82C00E3B603 /* Base */,
			);
			name = Main.storyboard;
			sourceTree = "<group>";
		};
		12D1A4711F29C82C00E3B603 /* LaunchScreen.storyboard */ = {
			isa = PBXVariantGroup;
			children = (
				12D1A4721F29C82C00E3B603 /* Base */,
			);
			name = LaunchScreen.storyboard;
			sourceTree = "<group>";
		};
/* End PBXVariantGroup section */

/* Begin XCBuildConfiguration section */
		12D1A4751F29C82C00E3B603 /* Debug */ = {
			isa = XCBuildConfiguration;
			buildSettings = {
				ALWAYS_SEARCH_USER_PATHS = NO;
				CLANG_ANALYZER_NONNULL = YES;
				CLANG_ANALYZER_NUMBER_OBJECT_CONVERSION = YES_AGGRESSIVE;
				CLANG_CXX_LANGUAGE_STANDARD = "gnu++0x";
				CLANG_CXX_LIBRARY = "libc++";
				CLANG_ENABLE_MODULES = YES;
				CLANG_ENABLE_OBJC_ARC = YES;
				CLANG_WARN_BOOL_CONVERSION = YES;
				CLANG_WARN_CONSTANT_CONVERSION = YES;
				CLANG_WARN_DIRECT_OBJC_ISA_USAGE = YES_ERROR;
				CLANG_WARN_DOCUMENTATION_COMMENTS = YES;
				CLANG_WARN_EMPTY_BODY = YES;
				CLANG_WARN_ENUM_CONVERSION = YES;
				CLANG_WARN_INFINITE_RECURSION = YES;
				CLANG_WARN_INT_CONVERSION = YES;
				CLANG_WARN_OBJC_ROOT_CLASS = YES_ERROR;
				CLANG_WARN_SUSPICIOUS_MOVE = YES;
				CLANG_WARN_UNREACHABLE_CODE = YES;
				CLANG_WARN__DUPLICATE_METHOD_MATCH = YES;
				"CODE_SIGN_IDENTITY[sdk=iphoneos*]" = "iPhone Developer";
				COPY_PHASE_STRIP = NO;
				DEBUG_INFORMATION_FORMAT = dwarf;
				ENABLE_STRICT_OBJC_MSGSEND = YES;
				ENABLE_TESTABILITY = YES;
				GCC_C_LANGUAGE_STANDARD = gnu99;
				GCC_DYNAMIC_NO_PIC = NO;
				GCC_NO_COMMON_BLOCKS = YES;
				GCC_OPTIMIZATION_LEVEL = 0;
				GCC_PREPROCESSOR_DEFINITIONS = (
					"DEBUG=1",
					"$(inherited)",
				);
				GCC_WARN_64_TO_32_BIT_CONVERSION = YES;
				GCC_WARN_ABOUT_RETURN_TYPE = YES_ERROR;
				GCC_WARN_UNDECLARED_SELECTOR = YES;
				GCC_WARN_UNINITIALIZED_AUTOS = YES_AGGRESSIVE;
				GCC_WARN_UNUSED_FUNCTION = YES;
				GCC_WARN_UNUSED_VARIABLE = YES;
				IPHONEOS_DEPLOYMENT_TARGET = 10.3;
				MTL_ENABLE_DEBUG_INFO = YES;
				ONLY_ACTIVE_ARCH = YES;
				SDKROOT = iphoneos;
				SWIFT_ACTIVE_COMPILATION_CONDITIONS = DEBUG;
				SWIFT_OPTIMIZATION_LEVEL = "-Onone";
			};
			name = Debug;
		};
		12D1A4761F29C82C00E3B603 /* Release */ = {
			isa = XCBuildConfiguration;
			buildSettings = {
				ALWAYS_SEARCH_USER_PATHS = NO;
				CLANG_ANALYZER_NONNULL = YES;
				CLANG_ANALYZER_NUMBER_OBJECT_CONVERSION = YES_AGGRESSIVE;
				CLANG_CXX_LANGUAGE_STANDARD = "gnu++0x";
				CLANG_CXX_LIBRARY = "libc++";
				CLANG_ENABLE_MODULES = YES;
				CLANG_ENABLE_OBJC_ARC = YES;
				CLANG_WARN_BOOL_CONVERSION = YES;
				CLANG_WARN_CONSTANT_CONVERSION = YES;
				CLANG_WARN_DIRECT_OBJC_ISA_USAGE = YES_ERROR;
				CLANG_WARN_DOCUMENTATION_COMMENTS = YES;
				CLANG_WARN_EMPTY_BODY = YES;
				CLANG_WARN_ENUM_CONVERSION = YES;
				CLANG_WARN_INFINITE_RECURSION = YES;
				CLANG_WARN_INT_CONVERSION = YES;
				CLANG_WARN_OBJC_ROOT_CLASS = YES_ERROR;
				CLANG_WARN_SUSPICIOUS_MOVE = YES;
				CLANG_WARN_UNREACHABLE_CODE = YES;
				CLANG_WARN__DUPLICATE_METHOD_MATCH = YES;
				"CODE_SIGN_IDENTITY[sdk=iphoneos*]" = "iPhone Developer";
				COPY_PHASE_STRIP = NO;
				DEBUG_INFORMATION_FORMAT = "dwarf-with-dsym";
				ENABLE_NS_ASSERTIONS = NO;
				ENABLE_STRICT_OBJC_MSGSEND = YES;
				GCC_C_LANGUAGE_STANDARD = gnu99;
				GCC_NO_COMMON_BLOCKS = YES;
				GCC_WARN_64_TO_32_BIT_CONVERSION = YES;
				GCC_WARN_ABOUT_RETURN_TYPE = YES_ERROR;
				GCC_WARN_UNDECLARED_SELECTOR = YES;
				GCC_WARN_UNINITIALIZED_AUTOS = YES_AGGRESSIVE;
				GCC_WARN_UNUSED_FUNCTION = YES;
				GCC_WARN_UNUSED_VARIABLE = YES;
				IPHONEOS_DEPLOYMENT_TARGET = 10.3;
				MTL_ENABLE_DEBUG_INFO = NO;
				SDKROOT = iphoneos;
				SWIFT_OPTIMIZATION_LEVEL = "-Owholemodule";
				VALIDATE_PRODUCT = YES;
			};
			name = Release;
		};
		12D1A4781F29C82C00E3B603 /* Debug */ = {
			isa = XCBuildConfiguration;
			buildSettings = {
				ASSETCATALOG_COMPILER_APPICON_NAME = AppIcon;
				INFOPLIST_FILE = UPDownGame/Info.plist;
				LD_RUNPATH_SEARCH_PATHS = "$(inherited) @executable_path/Frameworks";
				PRODUCT_BUNDLE_IDENTIFIER = "com.gameplay-dw.UPDownGame";
				PRODUCT_NAME = "$(TARGET_NAME)";
				SWIFT_VERSION = 3.0;
			};
			name = Debug;
		};
		12D1A4791F29C82C00E3B603 /* Release */ = {
			isa = XCBuildConfiguration;
			buildSettings = {
				ASSETCATALOG_COMPILER_APPICON_NAME = AppIcon;
				INFOPLIST_FILE = UPDownGame/Info.plist;
				LD_RUNPATH_SEARCH_PATHS = "$(inherited) @executable_path/Frameworks";
				PRODUCT_BUNDLE_IDENTIFIER = "com.gameplay-dw.UPDownGame";
				PRODUCT_NAME = "$(TARGET_NAME)";
				SWIFT_VERSION = 3.0;
			};
			name = Release;
		};
/* End XCBuildConfiguration section */

/* Begin XCConfigurationList section */
		12D1A4601F29C82C00E3B603 /* Build configuration list for PBXProject "UPDownGame" */ = {
			isa = XCConfigurationList;
			buildConfigurations = (
				12D1A4751F29C82C00E3B603 /* Debug */,
				12D1A4761F29C82C00E3B603 /* Release */,
			);
			defaultConfigurationIsVisible = 0;
			defaultConfigurationName = Release;
		};
		12D1A4771F29C82C00E3B603 /* Build configuration list for PBXNativeTarget "UPDownGame" */ = {
			isa = XCConfigurationList;
			buildConfigurations = (
				12D1A4781F29C82C00E3B603 /* Debug */,
				12D1A4791F29C82C00E3B603 /* Release */,
			);
			defaultConfigurationIsVisible = 0;
		};
/* End XCConfigurationList section */
	};
	rootObject = 12D1A45D1F29C82C00E3B603 /* Project object */;
}
